
Microsoft Visual Studio Solution File, Format Version 12.00
# Visual Studio Version 17
VisualStudioVersion = 17.1.32210.238
MinimumVisualStudioVersion = 10.0.40219.1
Project("{FAE04EC0-301F-11D3-BF4B-00C04F79EFBC}") = "SubarrayRepetitionsNumbers", "SubarrayRepetitionsNumbers\SubarrayRepetitionsNumbers.csproj", "{760CFA4B-81CA-4352-BCD8-2A366F44669B}"
EndProject
Global
	GlobalSection(SolutionConfigurationPlatforms) = preSolution
		Debug|Any CPU = Debug|Any CPU
		Release|Any CPU = Release|Any CPU
	EndGlobalSection
	GlobalSection(ProjectConfigurationPlatforms) = postSolution
		{760CFA4B-81CA-4352-BCD8-2A366F44669B}.Debug|Any CPU.ActiveCfg = Debug|Any CPU
		{760CFA4B-81CA-4352-BCD8-2A366F44669B}.Debug|Any CPU.Build.0 = Debug|Any CPU
		{760CFA4B-81CA-4352-BCD8-2A366F44669B}.Release|Any CPU.ActiveCfg = Release|Any CPU
		{760CFA4B-81CA-4352-BCD8-2A366F44669B}.Release|Any CPU.Build.0 = Release|Any CPU
	EndGlobalSection
	GlobalSection(SolutionProperties) = preSolution
		HideSolutionNode = FALSE
	EndGlobalSection
	GlobalSection(ExtensibilityGlobals) = postSolution
		SolutionGuid = {F8548272-93C9-4975-9BD6-396E3BCBCACF}
	EndGlobalSection
EndGlobal
